
Microsoft Visual Studio Solution File, Format Version 12.00
# Visual Studio 2013
Project("{FAE04EC0-301F-11D3-BF4B-00C04F79EFBC}") = "UnityVS.IGiniousK.CSharp", "UnityVS.IGiniousK.CSharp.csproj", "{3FEEA8C7-4F88-B4EA-72DE-4EC666E281BA}"
EndProject
Global
	GlobalSection(SolutionConfigurationPlatforms) = preSolution
		Debug|Any CPU = Debug|Any CPU
		Release|Any CPU = Release|Any CPU
	EndGlobalSection
	GlobalSection(ProjectConfigurationPlatforms) = postSolution
		{3FEEA8C7-4F88-B4EA-72DE-4EC666E281BA}.Debug|Any CPU.ActiveCfg = Debug|Any CPU
		{3FEEA8C7-4F88-B4EA-72DE-4EC666E281BA}.Debug|Any CPU.Build.0 = Debug|Any CPU
		{3FEEA8C7-4F88-B4EA-72DE-4EC666E281BA}.Release|Any CPU.ActiveCfg = Release|Any CPU
		{3FEEA8C7-4F88-B4EA-72DE-4EC666E281BA}.Release|Any CPU.Build.0 = Release|Any CPU
	EndGlobalSection
	GlobalSection(SolutionProperties) = preSolution
		HideSolutionNode = FALSE
	EndGlobalSection
EndGlobal
